hash: d07a3ed620b5bc1f1f5bbc3963799564b3e02831a2470680dd240797ffc490cd
updated: 2017-07-21T18:58:30.393361479-05:00
imports:
- name: github.com/boltdb/bolt
  version: 2f1ce7a837dcb8da3ec595b1dac9d0632f0f99e8
- name: github.com/imdario/mergo
  version: 3e95a51e0639b4cf372f2ccf74c86749d747fbdc
- name: golang.org/x/sys
  version: 99f16d856c9836c42d24e7ab64ea72916925fa97
  subpackages:
  - unix
testImports: []
